
Microsoft Visual Studio Solution File, Format Version 12.00
# Visual Studio Version 17
VisualStudioVersion = 17.10.35013.160
MinimumVisualStudioVersion = 10.0.40219.1
Project("{FAE04EC0-301F-11D3-BF4B-00C04F79EFBC}") = "ClassLibrary2", "ClassLibrary2.csproj", "{DE4F0C1A-4938-46C7-9AF9-2973C0785175}"
EndProject
Global
	GlobalSection(SolutionConfigurationPlatforms) = preSolution
		Debug|Any CPU = Debug|Any CPU
		Release|Any CPU = Release|Any CPU
	EndGlobalSection
	GlobalSection(ProjectConfigurationPlatforms) = postSolution
		{DE4F0C1A-4938-46C7-9AF9-2973C0785175}.Debug|Any CPU.ActiveCfg = Debug|Any CPU
		{DE4F0C1A-4938-46C7-9AF9-2973C0785175}.Debug|Any CPU.Build.0 = Debug|Any CPU
		{DE4F0C1A-4938-46C7-9AF9-2973C0785175}.Release|Any CPU.ActiveCfg = Release|Any CPU
		{DE4F0C1A-4938-46C7-9AF9-2973C0785175}.Release|Any CPU.Build.0 = Release|Any CPU
	EndGlobalSection
	GlobalSection(SolutionProperties) = preSolution
		HideSolutionNode = FALSE
	EndGlobalSection
	GlobalSection(ExtensibilityGlobals) = postSolution
		SolutionGuid = {5F9AC431-B986-4AC4-8297-045BB5A87B7E}
	EndGlobalSection
EndGlobal
